Microsoft Visual Studio Solution File, Format Version 11.00
# Visual Studio 2008

Project("{49368296-C8FD-58FF-78C1-39A54FB52D1A}") = "FuriousDragon", "Assembly-CSharp-firstpass.csproj", "{B0E72AB8-71D5-B96A-B1E0-0A8DA0B49A4F}"
EndProject
Project("{49368296-C8FD-58FF-78C1-39A54FB52D1A}") = "FuriousDragon", "Assembly-CSharp.csproj", "{CB9539F4-5B6C-F50F-2166-2DB7E6EFC67F}"
EndProject
Project("{49368296-C8FD-58FF-78C1-39A54FB52D1A}") = "FuriousDragon", "Assembly-CSharp-Editor.csproj", "{2C4541E2-8813-51A4-36F6-CC479F297855}"
EndProject
Global
	GlobalSection(SolutionConfigurationPlatforms) = preSolution
		Debug|Any CPU = Debug|Any CPU
		Release|Any CPU = Release|Any CPU
	EndGlobalSection
	GlobalSection(ProjectConfigurationPlatforms) = postSolution
		{B0E72AB8-71D5-B96A-B1E0-0A8DA0B49A4F}.Debug|Any CPU.ActiveCfg = Debug|Any CPU
		{B0E72AB8-71D5-B96A-B1E0-0A8DA0B49A4F}.Debug|Any CPU.Build.0 = Debug|Any CPU
		{B0E72AB8-71D5-B96A-B1E0-0A8DA0B49A4F}.Release|Any CPU.ActiveCfg = Release|Any CPU
		{B0E72AB8-71D5-B96A-B1E0-0A8DA0B49A4F}.Release|Any CPU.Build.0 = Release|Any CPU
		{CB9539F4-5B6C-F50F-2166-2DB7E6EFC67F}.Debug|Any CPU.ActiveCfg = Debug|Any CPU
		{CB9539F4-5B6C-F50F-2166-2DB7E6EFC67F}.Debug|Any CPU.Build.0 = Debug|Any CPU
		{CB9539F4-5B6C-F50F-2166-2DB7E6EFC67F}.Release|Any CPU.ActiveCfg = Release|Any CPU
		{CB9539F4-5B6C-F50F-2166-2DB7E6EFC67F}.Release|Any CPU.Build.0 = Release|Any CPU
		{2C4541E2-8813-51A4-36F6-CC479F297855}.Debug|Any CPU.ActiveCfg = Debug|Any CPU
		{2C4541E2-8813-51A4-36F6-CC479F297855}.Debug|Any CPU.Build.0 = Debug|Any CPU
		{2C4541E2-8813-51A4-36F6-CC479F297855}.Release|Any CPU.ActiveCfg = Release|Any CPU
		{2C4541E2-8813-51A4-36F6-CC479F297855}.Release|Any CPU.Build.0 = Release|Any CPU
	EndGlobalSection
	GlobalSection(SolutionProperties) = preSolution
		HideSolutionNode = FALSE
	EndGlobalSection
																															GlobalSection(MonoDevelopProperties) = preSolution
		StartupItem = Assembly-CSharp.csproj
		Policies = $0
		$0.TextStylePolicy = $1
		$1.inheritsSet = null
		$1.scope = text/x-csharp
		$0.CSharpFormattingPolicy = $2
		$2.inheritsSet = Mono
		$2.inheritsScope = text/x-csharp
		$2.scope = text/x-csharp
		$0.TextStylePolicy = $3
		$3.FileWidth = 120
		$3.TabWidth = 4
		$3.IndentWidth = 4
		$3.EolMarker = Unix
		$3.inheritsSet = Mono
		$3.inheritsScope = text/plain
		$3.scope = text/plain
	EndGlobalSection

EndGlobal
